github.com/Khalelalsam/funtemps v0.0.0-20230406015231-2c17a49ef912 h1:2V5DOV1H+R6whJ2xQOfMJpZBT0ZFb2kiYdwMcn3StfM=
github.com/Khalelalsam/funtemps v0.0.0-20230406015231-2c17a49ef912/go.mod h1:VlnM50IGG+wh4Dbsn4txVR8uAPnEwq9HW+ZSZXnAMSc=
github.com/Khalelalsam/is105sem03 v0.0.0-20230419055945-7d076aff0fd3 h1:Y+y83OxDJNlX/TCyBcY0Jw/qy8c6xtswtalTbGyr6gk=
github.com/Khalelalsam/is105sem03 v0.0.0-20230419055945-7d076aff0fd3/go.mod h1:olh2XjdNFgfEyomgYykUvzUKA3uZ+4yDap7AlSuKEoE=
